
Microsoft Visual Studio Solution File, Format Version 12.00
Project("{FAE04EC0-301F-11D3-BF4B-00C04F79EFBC}") = "ASD_sem7", "ASD_sem7\ASD_sem7.csproj", "{D309E455-9356-4F1A-905E-8608210A6715}"
EndProject
Global
	GlobalSection(SolutionConfigurationPlatforms) = preSolution
		Debug|Any CPU = Debug|Any CPU
		Release|Any CPU = Release|Any CPU
	EndGlobalSection
	GlobalSection(ProjectConfigurationPlatforms) = postSolution
		{D309E455-9356-4F1A-905E-8608210A6715}.Debug|Any CPU.ActiveCfg = Debug|Any CPU
		{D309E455-9356-4F1A-905E-8608210A6715}.Debug|Any CPU.Build.0 = Debug|Any CPU
		{D309E455-9356-4F1A-905E-8608210A6715}.Release|Any CPU.ActiveCfg = Release|Any CPU
		{D309E455-9356-4F1A-905E-8608210A6715}.Release|Any CPU.Build.0 = Release|Any CPU
	EndGlobalSection
EndGlobal
